// !$*UTF8*$!
{
	archiveVersion = 1;
	classes = {
	};
	objectVersion = 46;
	objects = {

/* Begin PBXBuildFile section */
		5F29A00B1C60237C00F334C2 /* Response+ObjectMapper.swift in Sources */ = {isa = PBXBuildFile; fileRef = 5F29A0041C60237C00F334C2 /* Response+ObjectMapper.swift */; };
		5F29A00E1C60237C00F334C2 /* MoyaObjectMapper.h in Headers */ = {isa = PBXBuildFile; fileRef = 5F29A0091C60237C00F334C2 /* MoyaObjectMapper.h */; };
		5F29A0111C60294C00F334C2 /* Moya.framework in Frameworks */ = {isa = PBXBuildFile; fileRef = 5F29A00F1C60294C00F334C2 /* Moya.framework */; };
		5F29A0121C60294C00F334C2 /* ObjectMapper.framework in Frameworks */ = {isa = PBXBuildFile; fileRef = 5F29A0101C60294C00F334C2 /* ObjectMapper.framework */; };
		5F29A0151C602A2C00F334C2 /* ReactiveCocoa.framework in Frameworks */ = {isa = PBXBuildFile; fileRef = 5F29A0141C602A2C00F334C2 /* ReactiveCocoa.framework */; };
		5F29A0331C602AAF00F334C2 /* ReactiveMoyaObjectMapper.h in Headers */ = {isa = PBXBuildFile; fileRef = 5F29A0321C602AAF00F334C2 /* ReactiveMoyaObjectMapper.h */; };
		5F29A0411C602AE500F334C2 /* Observable+ObjectMapper.swift in Sources */ = {isa = PBXBuildFile; fileRef = 5F29A0061C60237C00F334C2 /* Observable+ObjectMapper.swift */; };
		5F29A0421C602AE900F334C2 /* SignalProducer+ObjectMapper.swift in Sources */ = {isa = PBXBuildFile; fileRef = 5F29A0031C60237C00F334C2 /* SignalProducer+ObjectMapper.swift */; };
		5F29A0431C602AEB00F334C2 /* Response+ObjectMapper.swift in Sources */ = {isa = PBXBuildFile; fileRef = 5F29A0041C60237C00F334C2 /* Response+ObjectMapper.swift */; };
		5F29A0441C602AEC00F334C2 /* Response+ObjectMapper.swift in Sources */ = {isa = PBXBuildFile; fileRef = 5F29A0041C60237C00F334C2 /* Response+ObjectMapper.swift */; };
		5F29A0461C602B1800F334C2 /* RxMoyaObjectMapper.h in Headers */ = {isa = PBXBuildFile; fileRef = 5F29A0451C602B1800F334C2 /* RxMoyaObjectMapper.h */; };
/* End PBXBuildFile section */

/* Begin PBXFileReference section */
		5F299FE71C60228100F334C2 /* MoyaObjectMapper.framework */ = {isa = PBXFileReference; explicitFileType = wrapper.framework; includeInIndex = 0; path = MoyaObjectMapper.framework; sourceTree = BUILT_PRODUCTS_DIR; };
		5F29A0031C60237C00F334C2 /* SignalProducer+ObjectMapper.swift */ = {isa = PBXFileReference; fileEncoding = 4; lastKnownFileType = sourcecode.swift; path = "SignalProducer+ObjectMapper.swift"; sourceTree = "<group>"; };
		5F29A0041C60237C00F334C2 /* Response+ObjectMapper.swift */ = {isa = PBXFileReference; fileEncoding = 4; lastKnownFileType = sourcecode.swift; path = "Response+ObjectMapper.swift"; sourceTree = "<group>"; };
		5F29A0061C60237C00F334C2 /* Observable+ObjectMapper.swift */ = {isa = PBXFileReference; fileEncoding = 4; lastKnownFileType = sourcecode.swift; path = "Observable+ObjectMapper.swift"; sourceTree = "<group>"; };
		5F29A0081C60237C00F334C2 /* Info.plist */ = {isa = PBXFileReference; fileEncoding = 4; lastKnownFileType = text.plist.xml; path = Info.plist; sourceTree = "<group>"; };
		5F29A0091C60237C00F334C2 /* MoyaObjectMapper.h */ = {isa = PBXFileReference; fileEncoding = 4; lastKnownFileType = sourcecode.c.h; path = MoyaObjectMapper.h; sourceTree = "<group>"; };
		5F29A00F1C60294C00F334C2 /* Moya.framework */ = {isa = PBXFileReference; lastKnownFileType = wrapper.framework; name = Moya.framework; path = Carthage/Build/iOS/Moya.framework; sourceTree = "<group>"; };
		5F29A0101C60294C00F334C2 /* ObjectMapper.framework */ = {isa = PBXFileReference; lastKnownFileType = wrapper.framework; name = ObjectMapper.framework; path = Carthage/Build/iOS/ObjectMapper.framework; sourceTree = "<group>"; };
		5F29A0141C602A2C00F334C2 /* ReactiveCocoa.framework */ = {isa = PBXFileReference; lastKnownFileType = wrapper.framework; name = ReactiveCocoa.framework; path = Carthage/Build/iOS/ReactiveCocoa.framework; sourceTree = "<group>"; };
		5F29A01B1C602A5700F334C2 /* ReactiveMoyaObjectMapper.framework */ = {isa = PBXFileReference; explicitFileType = wrapper.framework; includeInIndex = 0; path = ReactiveMoyaObjectMapper.framework; sourceTree = BUILT_PRODUCTS_DIR; };
		5F29A0321C602AAF00F334C2 /* ReactiveMoyaObjectMapper.h */ = {isa = PBXFileReference; fileEncoding = 4; lastKnownFileType = sourcecode.c.h; path = ReactiveMoyaObjectMapper.h; sourceTree = "<group>"; };
		5F29A0391C602ACE00F334C2 /* RxMoyaObjectMapper.framework */ = {isa = PBXFileReference; explicitFileType = wrapper.framework; includeInIndex = 0; path = RxMoyaObjectMapper.framework; sourceTree = BUILT_PRODUCTS_DIR; };
		5F29A0451C602B1800F334C2 /* RxMoyaObjectMapper.h */ = {isa = PBXFileReference; fileEncoding = 4; lastKnownFileType = sourcecode.c.h; path = RxMoyaObjectMapper.h; sourceTree = "<group>"; };
/* End PBXFileReference section */

/* Begin PBXFrameworksBuildPhase section */
		5F299FE31C60228100F334C2 /* Frameworks */ = {
			isa = PBXFrameworksBuildPhase;
			buildActionMask = 2147483647;
			files = (
				5F29A0111C60294C00F334C2 /* Moya.framework in Frameworks */,
				5F29A0121C60294C00F334C2 /* ObjectMapper.framework in Frameworks */,
				5F29A0151C602A2C00F334C2 /* ReactiveCocoa.framework in Frameworks */,
			);
			runOnlyForDeploymentPostprocessing = 0;
		};
		5F29A0171C602A5700F334C2 /* Frameworks */ = {
			isa = PBXFrameworksBuildPhase;
			buildActionMask = 2147483647;
			files = (
			);
			runOnlyForDeploymentPostprocessing = 0;
		};
		5F29A0351C602ACE00F334C2 /* Frameworks */ = {
			isa = PBXFrameworksBuildPhase;
			buildActionMask = 2147483647;
			files = (
			);
			runOnlyForDeploymentPostprocessing = 0;
		};
/* End PBXFrameworksBuildPhase section */

/* Begin PBXGroup section */
		5F299FDD1C60228100F334C2 = {
			isa = PBXGroup;
			children = (
				5F29A0011C60237C00F334C2 /* Source */,
				5F29A0071C60237C00F334C2 /* SupportingFiles */,
				5F299FE81C60228100F334C2 /* Products */,
				5F29A0131C60295500F334C2 /* Dependency Frameworks */,
			);
			sourceTree = "<group>";
		};
		5F299FE81C60228100F334C2 /* Products */ = {
			isa = PBXGroup;
			children = (
				5F299FE71C60228100F334C2 /* MoyaObjectMapper.framework */,
				5F29A01B1C602A5700F334C2 /* ReactiveMoyaObjectMapper.framework */,
				5F29A0391C602ACE00F334C2 /* RxMoyaObjectMapper.framework */,
			);
			name = Products;
			sourceTree = "<group>";
		};
		5F29A0011C60237C00F334C2 /* Source */ = {
			isa = PBXGroup;
			children = (
				5F29A0041C60237C00F334C2 /* Response+ObjectMapper.swift */,
				5F29A0021C60237C00F334C2 /* ReactiveCocoa */,
				5F29A0051C60237C00F334C2 /* RxSwift */,
			);
			path = Source;
			sourceTree = "<group>";
		};
		5F29A0021C60237C00F334C2 /* ReactiveCocoa */ = {
			isa = PBXGroup;
			children = (
				5F29A0031C60237C00F334C2 /* SignalProducer+ObjectMapper.swift */,
			);
			path = ReactiveCocoa;
			sourceTree = "<group>";
		};
		5F29A0051C60237C00F334C2 /* RxSwift */ = {
			isa = PBXGroup;
			children = (
				5F29A0061C60237C00F334C2 /* Observable+ObjectMapper.swift */,
			);
			path = RxSwift;
			sourceTree = "<group>";
		};
		5F29A0071C60237C00F334C2 /* SupportingFiles */ = {
			isa = PBXGroup;
			children = (
				5F29A0081C60237C00F334C2 /* Info.plist */,
				5F29A0091C60237C00F334C2 /* MoyaObjectMapper.h */,
				5F29A0321C602AAF00F334C2 /* ReactiveMoyaObjectMapper.h */,
				5F29A0451C602B1800F334C2 /* RxMoyaObjectMapper.h */,
			);
			path = SupportingFiles;
			sourceTree = "<group>";
		};
		5F29A0131C60295500F334C2 /* Dependency Frameworks */ = {
			isa = PBXGroup;
			children = (
				5F29A0141C602A2C00F334C2 /* ReactiveCocoa.framework */,
				5F29A00F1C60294C00F334C2 /* Moya.framework */,
				5F29A0101C60294C00F334C2 /* ObjectMapper.framework */,
			);
			name = "Dependency Frameworks";
			sourceTree = "<group>";
		};
/* End PBXGroup section */

/* Begin PBXHeadersBuildPhase section */
		5F299FE41C60228100F334C2 /* Headers */ = {
			isa = PBXHeadersBuildPhase;
			buildActionMask = 2147483647;
			files = (
				5F29A00E1C60237C00F334C2 /* MoyaObjectMapper.h in Headers */,
			);
			runOnlyForDeploymentPostprocessing = 0;
		};
		5F29A0181C602A5700F334C2 /* Headers */ = {
			isa = PBXHeadersBuildPhase;
			buildActionMask = 2147483647;
			files = (
				5F29A0331C602AAF00F334C2 /* ReactiveMoyaObjectMapper.h in Headers */,
			);
			runOnlyForDeploymentPostprocessing = 0;
		};
		5F29A0361C602ACE00F334C2 /* Headers */ = {
			isa = PBXHeadersBuildPhase;
			buildActionMask = 2147483647;
			files = (
				5F29A0461C602B1800F334C2 /* RxMoyaObjectMapper.h in Headers */,
			);
			runOnlyForDeploymentPostprocessing = 0;
		};
/* End PBXHeadersBuildPhase section */

/* Begin PBXNativeTarget section */
		5F299FE61C60228100F334C2 /* MoyaObjectMapper */ = {
			isa = PBXNativeTarget;
			buildConfigurationList = 5F299FFB1C60228100F334C2 /* Build configuration list for PBXNativeTarget "MoyaObjectMapper" */;
			buildPhases = (
				5F299FE21C60228100F334C2 /* Sources */,
				5F299FE31C60228100F334C2 /* Frameworks */,
				5F299FE41C60228100F334C2 /* Headers */,
				5F299FE51C60228100F334C2 /* Resources */,
			);
			buildRules = (
			);
			dependencies = (
			);
			name = MoyaObjectMapper;
			productName = "Moya-ObjectMapper";
			productReference = 5F299FE71C60228100F334C2 /* MoyaObjectMapper.framework */;
			productType = "com.apple.product-type.framework";
		};
		5F29A01A1C602A5700F334C2 /* ReactiveMoyaObjectMapper */ = {
			isa = PBXNativeTarget;
			buildConfigurationList = 5F29A02C1C602A5800F334C2 /* Build configuration list for PBXNativeTarget "ReactiveMoyaObjectMapper" */;
			buildPhases = (
				5F29A0161C602A5700F334C2 /* Sources */,
				5F29A0171C602A5700F334C2 /* Frameworks */,
				5F29A0181C602A5700F334C2 /* Headers */,
				5F29A0191C602A5700F334C2 /* Resources */,
			);
			buildRules = (
			);
			dependencies = (
			);
			name = ReactiveMoyaObjectMapper;
			productName = ReactiveMoyaObjectMapper;
			productReference = 5F29A01B1C602A5700F334C2 /* ReactiveMoyaObjectMapper.framework */;
			productType = "com.apple.product-type.framework";
		};
		5F29A0381C602ACE00F334C2 /* RxMoyaObjectMapper */ = {
			isa = PBXNativeTarget;
			buildConfigurationList = 5F29A03E1C602ACE00F334C2 /* Build configuration list for PBXNativeTarget "RxMoyaObjectMapper" */;
			buildPhases = (
				5F29A0341C602ACE00F334C2 /* Sources */,
				5F29A0351C602ACE00F334C2 /* Frameworks */,
				5F29A0361C602ACE00F334C2 /* Headers */,
				5F29A0371C602ACE00F334C2 /* Resources */,
			);
			buildRules = (
			);
			dependencies = (
			);
			name = RxMoyaObjectMapper;
			productName = RxMoyaObjectMapper;
			productReference = 5F29A0391C602ACE00F334C2 /* RxMoyaObjectMapper.framework */;
			productType = "com.apple.product-type.framework";
		};
/* End PBXNativeTarget section */

/* Begin PBXProject section */
		5F299FDE1C60228100F334C2 /* Project object */ = {
			isa = PBXProject;
			attributes = {
				LastSwiftUpdateCheck = 0720;
				LastUpgradeCheck = 0720;
				ORGANIZATIONNAME = "Moya-ObjectMapper";
				TargetAttributes = {
					5F299FE61C60228100F334C2 = {
						CreatedOnToolsVersion = 7.2;
					};
					5F29A01A1C602A5700F334C2 = {
						CreatedOnToolsVersion = 7.2;
					};
					5F29A0381C602ACE00F334C2 = {
						CreatedOnToolsVersion = 7.2;
					};
				};
			};
			buildConfigurationList = 5F299FE11C60228100F334C2 /* Build configuration list for PBXProject "Moya-ObjectMapper" */;
			compatibilityVersion = "Xcode 3.2";
			developmentRegion = English;
			hasScannedForEncodings = 0;
			knownRegions = (
				en,
			);
			mainGroup = 5F299FDD1C60228100F334C2;
			productRefGroup = 5F299FE81C60228100F334C2 /* Products */;
			projectDirPath = "";
			projectRoot = "";
			targets = (
				5F299FE61C60228100F334C2 /* MoyaObjectMapper */,
				5F29A01A1C602A5700F334C2 /* ReactiveMoyaObjectMapper */,
				5F29A0381C602ACE00F334C2 /* RxMoyaObjectMapper */,
			);
		};
/* End PBXProject section */

/* Begin PBXResourcesBuildPhase section */
		5F299FE51C60228100F334C2 /* Resources */ = {
			isa = PBXResourcesBuildPhase;
			buildActionMask = 2147483647;
			files = (
			);
			runOnlyForDeploymentPostprocessing = 0;
		};
		5F29A0191C602A5700F334C2 /* Resources */ = {
			isa = PBXResourcesBuildPhase;
			buildActionMask = 2147483647;
			files = (
			);
			runOnlyForDeploymentPostprocessing = 0;
		};
		5F29A0371C602ACE00F334C2 /* Resources */ = {
			isa = PBXResourcesBuildPhase;
			buildActionMask = 2147483647;
			files = (
			);
			runOnlyForDeploymentPostprocessing = 0;
		};
/* End PBXResourcesBuildPhase section */

/* Begin PBXSourcesBuildPhase section */
		5F299FE21C60228100F334C2 /* Sources */ = {
			isa = PBXSourcesBuildPhase;
			buildActionMask = 2147483647;
			files = (
				5F29A00B1C60237C00F334C2 /* Response+ObjectMapper.swift in Sources */,
			);
			runOnlyForDeploymentPostprocessing = 0;
		};
		5F29A0161C602A5700F334C2 /* Sources */ = {
			isa = PBXSourcesBuildPhase;
			buildActionMask = 2147483647;
			files = (
				5F29A0431C602AEB00F334C2 /* Response+ObjectMapper.swift in Sources */,
				5F29A0421C602AE900F334C2 /* SignalProducer+ObjectMapper.swift in Sources */,
			);
			runOnlyForDeploymentPostprocessing = 0;
		};
		5F29A0341C602ACE00F334C2 /* Sources */ = {
			isa = PBXSourcesBuildPhase;
			buildActionMask = 2147483647;
			files = (
				5F29A0441C602AEC00F334C2 /* Response+ObjectMapper.swift in Sources */,
				5F29A0411C602AE500F334C2 /* Observable+ObjectMapper.swift in Sources */,
			);
			runOnlyForDeploymentPostprocessing = 0;
		};
/* End PBXSourcesBuildPhase section */

/* Begin XCBuildConfiguration section */
		5F299FF91C60228100F334C2 /* Debug */ = {
			isa = XCBuildConfiguration;
			buildSettings = {
				ALWAYS_SEARCH_USER_PATHS = NO;
				CLANG_CXX_LANGUAGE_STANDARD = "gnu++0x";
				CLANG_CXX_LIBRARY = "libc++";
				CLANG_ENABLE_MODULES = YES;
				CLANG_ENABLE_OBJC_ARC = YES;
				CLANG_WARN_BOOL_CONVERSION = YES;
				CLANG_WARN_CONSTANT_CONVERSION = YES;
				CLANG_WARN_DIRECT_OBJC_ISA_USAGE = YES_ERROR;
				CLANG_WARN_EMPTY_BODY = YES;
				CLANG_WARN_ENUM_CONVERSION = YES;
				CLANG_WARN_INT_CONVERSION = YES;
				CLANG_WARN_OBJC_ROOT_CLASS = YES_ERROR;
				CLANG_WARN_UNREACHABLE_CODE = YES;
				CLANG_WARN__DUPLICATE_METHOD_MATCH = YES;
				"CODE_SIGN_IDENTITY[sdk=iphoneos*]" = "iPhone Developer";
				COPY_PHASE_STRIP = NO;
				CURRENT_PROJECT_VERSION = 1;
				DEBUG_INFORMATION_FORMAT = dwarf;
				ENABLE_STRICT_OBJC_MSGSEND = YES;
				ENABLE_TESTABILITY = YES;
				GCC_C_LANGUAGE_STANDARD = gnu99;
				GCC_DYNAMIC_NO_PIC = NO;
				GCC_NO_COMMON_BLOCKS = YES;
				GCC_OPTIMIZATION_LEVEL = 0;
				GCC_PREPROCESSOR_DEFINITIONS = (
					"DEBUG=1",
					"$(inherited)",
				);
				GCC_WARN_64_TO_32_BIT_CONVERSION = YES;
				GCC_WARN_ABOUT_RETURN_TYPE = YES_ERROR;
				GCC_WARN_UNDECLARED_SELECTOR = YES;
				GCC_WARN_UNINITIALIZED_AUTOS = YES_AGGRESSIVE;
				GCC_WARN_UNUSED_FUNCTION = YES;
				GCC_WARN_UNUSED_VARIABLE = YES;
				IPHONEOS_DEPLOYMENT_TARGET = 9.2;
				MTL_ENABLE_DEBUG_INFO = YES;
				ONLY_ACTIVE_ARCH = YES;
				PRODUCT_NAME = "Moya-ObjectMapper";
				SDKROOT = iphoneos;
				SWIFT_OPTIMIZATION_LEVEL = "-Onone";
				TARGETED_DEVICE_FAMILY = "1,2";
				VERSIONING_SYSTEM = "apple-generic";
				VERSION_INFO_PREFIX = "";
			};
			name = Debug;
		};
		5F299FFA1C60228100F334C2 /* Release */ = {
			isa = XCBuildConfiguration;
			buildSettings = {
				ALWAYS_SEARCH_USER_PATHS = NO;
				CLANG_CXX_LANGUAGE_STANDARD = "gnu++0x";
				CLANG_CXX_LIBRARY = "libc++";
				CLANG_ENABLE_MODULES = YES;
				CLANG_ENABLE_OBJC_ARC = YES;
				CLANG_WARN_BOOL_CONVERSION = YES;
				CLANG_WARN_CONSTANT_CONVERSION = YES;
				CLANG_WARN_DIRECT_OBJC_ISA_USAGE = YES_ERROR;
				CLANG_WARN_EMPTY_BODY = YES;
				CLANG_WARN_ENUM_CONVERSION = YES;
				CLANG_WARN_INT_CONVERSION = YES;
				CLANG_WARN_OBJC_ROOT_CLASS = YES_ERROR;
				CLANG_WARN_UNREACHABLE_CODE = YES;
				CLANG_WARN__DUPLICATE_METHOD_MATCH = YES;
				"CODE_SIGN_IDENTITY[sdk=iphoneos*]" = "iPhone Developer";
				COPY_PHASE_STRIP = NO;
				CURRENT_PROJECT_VERSION = 1;
				DEBUG_INFORMATION_FORMAT = "dwarf-with-dsym";
				ENABLE_NS_ASSERTIONS = NO;
				ENABLE_STRICT_OBJC_MSGSEND = YES;
				GCC_C_LANGUAGE_STANDARD = gnu99;
				GCC_NO_COMMON_BLOCKS = YES;
				GCC_WARN_64_TO_32_BIT_CONVERSION = YES;
				GCC_WARN_ABOUT_RETURN_TYPE = YES_ERROR;
				GCC_WARN_UNDECLARED_SELECTOR = YES;
				GCC_WARN_UNINITIALIZED_AUTOS = YES_AGGRESSIVE;
				GCC_WARN_UNUSED_FUNCTION = YES;
				GCC_WARN_UNUSED_VARIABLE = YES;
				IPHONEOS_DEPLOYMENT_TARGET = 9.2;
				MTL_ENABLE_DEBUG_INFO = NO;
				PRODUCT_NAME = "Moya-ObjectMapper";
				SDKROOT = iphoneos;
				TARGETED_DEVICE_FAMILY = "1,2";
				VALIDATE_PRODUCT = YES;
				VERSIONING_SYSTEM = "apple-generic";
				VERSION_INFO_PREFIX = "";
			};
			name = Release;
		};
		5F299FFC1C60228100F334C2 /* Debug */ = {
			isa = XCBuildConfiguration;
			buildSettings = {
				DEFINES_MODULE = YES;
				DYLIB_COMPATIBILITY_VERSION = 1;
				DYLIB_CURRENT_VERSION = 1;
				DYLIB_INSTALL_NAME_BASE = "@rpath";
				FRAMEWORK_SEARCH_PATHS = (
					"$(inherited)",
					"$(PROJECT_DIR)/Carthage/Build/iOS",
				);
				INFOPLIST_FILE = "$(SRCROOT)/SupportingFiles/Info.plist";
				INSTALL_PATH = "$(LOCAL_LIBRARY_DIR)/Frameworks";
				LD_RUNPATH_SEARCH_PATHS = "$(inherited) @executable_path/Frameworks @loader_path/Frameworks";
				PRODUCT_BUNDLE_IDENTIFIER = "io.github.orgmir.Moya-ObjectMapper";
				PRODUCT_NAME = MoyaObjectMapper;
				SKIP_INSTALL = YES;
			};
			name = Debug;
		};
		5F299FFD1C60228100F334C2 /* Release */ = {
			isa = XCBuildConfiguration;
			buildSettings = {
				DEFINES_MODULE = YES;
				DYLIB_COMPATIBILITY_VERSION = 1;
				DYLIB_CURRENT_VERSION = 1;
				DYLIB_INSTALL_NAME_BASE = "@rpath";
				FRAMEWORK_SEARCH_PATHS = (
					"$(inherited)",
					"$(PROJECT_DIR)/Carthage/Build/iOS",
				);
				INFOPLIST_FILE = "$(SRCROOT)/SupportingFiles/Info.plist";
				INSTALL_PATH = "$(LOCAL_LIBRARY_DIR)/Frameworks";
				LD_RUNPATH_SEARCH_PATHS = "$(inherited) @executable_path/Frameworks @loader_path/Frameworks";
				PRODUCT_BUNDLE_IDENTIFIER = "io.github.orgmir.Moya-ObjectMapper";
				PRODUCT_NAME = MoyaObjectMapper;
				SKIP_INSTALL = YES;
			};
			name = Release;
		};
		5F29A02D1C602A5800F334C2 /* Debug */ = {
			isa = XCBuildConfiguration;
			buildSettings = {
				DEFINES_MODULE = YES;
				DYLIB_COMPATIBILITY_VERSION = 1;
				DYLIB_CURRENT_VERSION = 1;
				DYLIB_INSTALL_NAME_BASE = "@rpath";
				INFOPLIST_FILE = ReactiveMoyaObjectMapper/Info.plist;
				INSTALL_PATH = "$(LOCAL_LIBRARY_DIR)/Frameworks";
				LD_RUNPATH_SEARCH_PATHS = "$(inherited) @executable_path/Frameworks @loader_path/Frameworks";
				PRODUCT_BUNDLE_IDENTIFIER = io.github.orgmir.ReactiveMoyaObjectMapper;
				PRODUCT_NAME = "$(TARGET_NAME)";
				SKIP_INSTALL = YES;
			};
			name = Debug;
		};
		5F29A02E1C602A5800F334C2 /* Release */ = {
			isa = XCBuildConfiguration;
			buildSettings = {
				DEFINES_MODULE = YES;
				DYLIB_COMPATIBILITY_VERSION = 1;
				DYLIB_CURRENT_VERSION = 1;
				DYLIB_INSTALL_NAME_BASE = "@rpath";
				INFOPLIST_FILE = ReactiveMoyaObjectMapper/Info.plist;
				INSTALL_PATH = "$(LOCAL_LIBRARY_DIR)/Frameworks";
				LD_RUNPATH_SEARCH_PATHS = "$(inherited) @executable_path/Frameworks @loader_path/Frameworks";
				PRODUCT_BUNDLE_IDENTIFIER = io.github.orgmir.ReactiveMoyaObjectMapper;
				PRODUCT_NAME = "$(TARGET_NAME)";
				SKIP_INSTALL = YES;
			};
			name = Release;
		};
		5F29A03F1C602ACE00F334C2 /* Debug */ = {
			isa = XCBuildConfiguration;
			buildSettings = {
				DEFINES_MODULE = YES;
				DYLIB_COMPATIBILITY_VERSION = 1;
				DYLIB_CURRENT_VERSION = 1;
				DYLIB_INSTALL_NAME_BASE = "@rpath";
				INFOPLIST_FILE = RxMoyaObjectMapper/Info.plist;
				INSTALL_PATH = "$(LOCAL_LIBRARY_DIR)/Frameworks";
				LD_RUNPATH_SEARCH_PATHS = "$(inherited) @executable_path/Frameworks @loader_path/Frameworks";
				PRODUCT_BUNDLE_IDENTIFIER = io.github.orgmir.RxMoyaObjectMapper;
				PRODUCT_NAME = "$(TARGET_NAME)";
				SKIP_INSTALL = YES;
			};
			name = Debug;
		};
		5F29A0401C602ACE00F334C2 /* Release */ = {
			isa = XCBuildConfiguration;
			buildSettings = {
				DEFINES_MODULE = YES;
				DYLIB_COMPATIBILITY_VERSION = 1;
				DYLIB_CURRENT_VERSION = 1;
				DYLIB_INSTALL_NAME_BASE = "@rpath";
				INFOPLIST_FILE = RxMoyaObjectMapper/Info.plist;
				INSTALL_PATH = "$(LOCAL_LIBRARY_DIR)/Frameworks";
				LD_RUNPATH_SEARCH_PATHS = "$(inherited) @executable_path/Frameworks @loader_path/Frameworks";
				PRODUCT_BUNDLE_IDENTIFIER = io.github.orgmir.RxMoyaObjectMapper;
				PRODUCT_NAME = "$(TARGET_NAME)";
				SKIP_INSTALL = YES;
			};
			name = Release;
		};
/* End XCBuildConfiguration section */

/* Begin XCConfigurationList section */
		5F299FE11C60228100F334C2 /* Build configuration list for PBXProject "Moya-ObjectMapper" */ = {
			isa = XCConfigurationList;
			buildConfigurations = (
				5F299FF91C60228100F334C2 /* Debug */,
				5F299FFA1C60228100F334C2 /* Release */,
			);
			defaultConfigurationIsVisible = 0;
			defaultConfigurationName = Release;
		};
		5F299FFB1C60228100F334C2 /* Build configuration list for PBXNativeTarget "MoyaObjectMapper" */ = {
			isa = XCConfigurationList;
			buildConfigurations = (
				5F299FFC1C60228100F334C2 /* Debug */,
				5F299FFD1C60228100F334C2 /* Release */,
			);
			defaultConfigurationIsVisible = 0;
			defaultConfigurationName = Release;
		};
		5F29A02C1C602A5800F334C2 /* Build configuration list for PBXNativeTarget "ReactiveMoyaObjectMapper" */ = {
			isa = XCConfigurationList;
			buildConfigurations = (
				5F29A02D1C602A5800F334C2 /* Debug */,
				5F29A02E1C602A5800F334C2 /* Release */,
			);
			defaultConfigurationIsVisible = 0;
		};
		5F29A03E1C602ACE00F334C2 /* Build configuration list for PBXNativeTarget "RxMoyaObjectMapper" */ = {
			isa = XCConfigurationList;
			buildConfigurations = (
				5F29A03F1C602ACE00F334C2 /* Debug */,
				5F29A0401C602ACE00F334C2 /* Release */,
			);
			defaultConfigurationIsVisible = 0;
		};
/* End XCConfigurationList section */
	};
	rootObject = 5F299FDE1C60228100F334C2 /* Project object */;
}
